
Microsoft Visual Studio Solution File, Format Version 12.00
# Visual Studio Version 17
VisualStudioVersion = 17.11.35327.3
MinimumVisualStudioVersion = 10.0.40219.1
Project("{9A19103F-16F7-4668-BE54-9A1E7A4F7556}") = "_build", "nukebuild\_build.csproj", "{4557BA6B-5825-485E-9176-D8DE0A813F02}"
EndProject
Project("{9A19103F-16F7-4668-BE54-9A1E7A4F7556}") = "NetWintun", "src\NetWintun\NetWintun.csproj", "{A253E20A-4C6A-4835-90BA-23A937BBFB6A}"
EndProject
Project("{9A19103F-16F7-4668-BE54-9A1E7A4F7556}") = "NetWintun.Tests", "tests\NetWintun.Tests\NetWintun.Tests.csproj", "{EAAE3EC3-8EBC-4888-879E-E244F09CB216}"
EndProject
Project("{2150E333-8FDC-42A3-9474-1A3956D46DE8}") = "tests", "tests", "{81E61806-AEF6-4F7F-8155-2852ED1BC4BA}"
EndProject
Project("{2150E333-8FDC-42A3-9474-1A3956D46DE8}") = "examples", "examples", "{D089E2BE-F368-4D34-A295-825FFC3052D0}"
EndProject
Project("{FAE04EC0-301F-11D3-BF4B-00C04F79EFBC}") = "Basic", "examples\Basic\Basic.csproj", "{DC8BAF9B-37A7-42F9-9149-ED9EE512B1B9}"
EndProject
Global
	GlobalSection(SolutionConfigurationPlatforms) = preSolution
		Debug|Any CPU = Debug|Any CPU
		Release|Any CPU = Release|Any CPU
	EndGlobalSection
	GlobalSection(ProjectConfigurationPlatforms) = postSolution
		{4557BA6B-5825-485E-9176-D8DE0A813F02}.Debug|Any CPU.ActiveCfg = Debug|Any CPU
		{4557BA6B-5825-485E-9176-D8DE0A813F02}.Release|Any CPU.ActiveCfg = Release|Any CPU
		{A253E20A-4C6A-4835-90BA-23A937BBFB6A}.Debug|Any CPU.ActiveCfg = Debug|Any CPU
		{A253E20A-4C6A-4835-90BA-23A937BBFB6A}.Debug|Any CPU.Build.0 = Debug|Any CPU
		{A253E20A-4C6A-4835-90BA-23A937BBFB6A}.Release|Any CPU.ActiveCfg = Release|Any CPU
		{A253E20A-4C6A-4835-90BA-23A937BBFB6A}.Release|Any CPU.Build.0 = Release|Any CPU
		{EAAE3EC3-8EBC-4888-879E-E244F09CB216}.Debug|Any CPU.ActiveCfg = Debug|Any CPU
		{EAAE3EC3-8EBC-4888-879E-E244F09CB216}.Debug|Any CPU.Build.0 = Debug|Any CPU
		{EAAE3EC3-8EBC-4888-879E-E244F09CB216}.Release|Any CPU.ActiveCfg = Release|Any CPU
		{EAAE3EC3-8EBC-4888-879E-E244F09CB216}.Release|Any CPU.Build.0 = Release|Any CPU
		{DC8BAF9B-37A7-42F9-9149-ED9EE512B1B9}.Debug|Any CPU.ActiveCfg = Debug|Any CPU
		{DC8BAF9B-37A7-42F9-9149-ED9EE512B1B9}.Debug|Any CPU.Build.0 = Debug|Any CPU
		{DC8BAF9B-37A7-42F9-9149-ED9EE512B1B9}.Release|Any CPU.ActiveCfg = Release|Any CPU
		{DC8BAF9B-37A7-42F9-9149-ED9EE512B1B9}.Release|Any CPU.Build.0 = Release|Any CPU
	EndGlobalSection
	GlobalSection(SolutionProperties) = preSolution
		HideSolutionNode = FALSE
	EndGlobalSection
	GlobalSection(NestedProjects) = preSolution
		{EAAE3EC3-8EBC-4888-879E-E244F09CB216} = {81E61806-AEF6-4F7F-8155-2852ED1BC4BA}
		{DC8BAF9B-37A7-42F9-9149-ED9EE512B1B9} = {D089E2BE-F368-4D34-A295-825FFC3052D0}
	EndGlobalSection
	GlobalSection(ExtensibilityGlobals) = postSolution
		SolutionGuid = {93A8D7EE-17FC-4FBE-A08A-ED2B02E1A15A}
	EndGlobalSection
EndGlobal
